
Microsoft Visual Studio Solution File, Format Version 12.00
# Visual Studio Version 17
VisualStudioVersion = 17.10.35122.118
MinimumVisualStudioVersion = 10.0.40219.1
Project("{FAE04EC0-301F-11D3-BF4B-00C04F79EFBC}") = "Demo_Session_02_EF_Core", "Session_02_EF_Core\Demo_Session_02_EF_Core.csproj", "{2173D372-81E0-4E29-86AD-183592604479}"
EndProject
Project("{FAE04EC0-301F-11D3-BF4B-00C04F79EFBC}") = "Assignment_Task02_EF_Core", "Assignment_Task02_EF_Core\Assignment_Task02_EF_Core.csproj", "{FCA0FEF2-0D35-45D3-823C-BF43BA5BBC05}"
EndProject
Global
	GlobalSection(SolutionConfigurationPlatforms) = preSolution
		Debug|Any CPU = Debug|Any CPU
		Release|Any CPU = Release|Any CPU
	EndGlobalSection
	GlobalSection(ProjectConfigurationPlatforms) = postSolution
		{2173D372-81E0-4E29-86AD-183592604479}.Debug|Any CPU.ActiveCfg = Debug|Any CPU
		{2173D372-81E0-4E29-86AD-183592604479}.Debug|Any CPU.Build.0 = Debug|Any CPU
		{2173D372-81E0-4E29-86AD-183592604479}.Release|Any CPU.ActiveCfg = Release|Any CPU
		{2173D372-81E0-4E29-86AD-183592604479}.Release|Any CPU.Build.0 = Release|Any CPU
		{FCA0FEF2-0D35-45D3-823C-BF43BA5BBC05}.Debug|Any CPU.ActiveCfg = Debug|Any CPU
		{FCA0FEF2-0D35-45D3-823C-BF43BA5BBC05}.Debug|Any CPU.Build.0 = Debug|Any CPU
		{FCA0FEF2-0D35-45D3-823C-BF43BA5BBC05}.Release|Any CPU.ActiveCfg = Release|Any CPU
		{FCA0FEF2-0D35-45D3-823C-BF43BA5BBC05}.Release|Any CPU.Build.0 = Release|Any CPU
	EndGlobalSection
	GlobalSection(SolutionProperties) = preSolution
		HideSolutionNode = FALSE
	EndGlobalSection
	GlobalSection(ExtensibilityGlobals) = postSolution
		SolutionGuid = {E5F0419E-6CEE-4AEC-BFA7-0520E5D88C43}
	EndGlobalSection
EndGlobal
